# This file was autogenerated by Stack.
# You should not edit this file by hand.
# For more information, please see the documentation at:
#   https://docs.haskellstack.org/en/stable/lock_files

packages:
- completed:
    hackage: algebraic-graphs-0.7@sha256:d7703fb764ec14bbf7e2ee6296045d8bc1ddb9c1acdcd1841c6299cc6b5955fb,8618
    pantry-tree:
      sha256: 5caf69702b46f7be7744f357bc59bd56c0ae61a1addfcfc3b10b289629deb3db
      size: 4347
  original:
    hackage: algebraic-graphs-0.7@sha256:d7703fb764ec14bbf7e2ee6296045d8bc1ddb9c1acdcd1841c6299cc6b5955fb,8618
snapshots: []
